{
  "requires": true,
  "lockfileVersion": 1,
  "dependencies": {
    "@wix/api-gateway-server-api": {
      "version": "1.0.225",
      "resolved": "https://repo.dev.wixpress.com/artifactory/api/npm/npm-repos/@wix/api-gateway-server-api/-/@wix/api-gateway-server-api-1.0.225.tgz",
      "integrity": "sha1-4ovziXCEb5HIDSWYvWCgN0OwQFc="
    },
    "@wix/duplexer-api-proto": {
      "version": "1.0.378",
      "resolved": "https://repo.dev.wixpress.com/artifactory/api/npm/npm-repos/@wix/duplexer-api-proto/-/@wix/duplexer-api-proto-1.0.378.tgz",
      "integrity": "sha1-wjcmWFX5JPwd+uZRnabH1mikW1g="
    },
    "@wix/identification-api": {
      "version": "1.0.461",
      "resolved": "https://repo.dev.wixpress.com/artifactory/api/npm/npm-repos/@wix/identification-api/-/@wix/identification-api-1.0.461.tgz",
      "integrity": "sha1-gQCLATIMXvSoSVWUBk71gGNdpTQ="
    },
    "@wix/reloose-protos": {
      "version": "1.0.366",
      "resolved": "https://repo.dev.wixpress.com/artifactory/api/npm/npm-repos/@wix/reloose-protos/-/@wix/reloose-protos-1.0.366.tgz",
      "integrity": "sha1-vLnlI9dPxO3DaF5m2tFtC+BWIC4="
    },
    "@wix/serverless-build-api": {
      "version": "1.0.13",
      "resolved": "https://repo.dev.wixpress.com/artifactory/api/npm/npm-repos/@wix/serverless-build-api/-/@wix/serverless-build-api-1.0.13.tgz",
      "integrity": "sha1-AdxhD6lWEacN/EswZlb45DJPRB0="
    },
    "@wix/serverless-deployer-api": {
      "version": "1.0.256",
      "resolved": "https://repo.dev.wixpress.com/artifactory/api/npm/npm-repos/@wix/serverless-deployer-api/-/@wix/serverless-deployer-api-1.0.256.tgz",
      "integrity": "sha1-W62N6JAssr7MYOauCvEQmkkTAkk="
    },
    "@wix/serverless-platformized-apis": {
      "version": "1.0.549",
      "resolved": "https://repo.dev.wixpress.com/artifactory/api/npm/npm-repos/@wix/serverless-platformized-apis/-/@wix/serverless-platformized-apis-1.0.549.tgz",
      "integrity": "sha1-iZ3135aa60vAUZlFBAkbeKEqyH0=",
      "requires": {
        "@wix/api-gateway-server-api": "*",
        "@wix/duplexer-api-proto": "*",
        "@wix/identification-api": "*",
        "@wix/reloose-protos": "*",
        "@wix/serverless-build-api": "*",
        "@wix/serverless-deployer-api": "*",
        "@wix/serverless-runtime-api": "*",
        "@wix/wix-aspects": "*"
      }
    },
    "@wix/serverless-runtime-api": {
      "version": "1.0.6",
      "resolved": "https://repo.dev.wixpress.com/artifactory/api/npm/npm-repos/@wix/serverless-runtime-api/-/@wix/serverless-runtime-api-1.0.6.tgz",
      "integrity": "sha1-mTfZm4Qo8X6fIC7qZh8C58BhW1o="
    },
    "@wix/wix-aspects": {
      "version": "1.0.1366",
      "resolved": "https://repo.dev.wixpress.com/artifactory/api/npm/npm-repos/@wix/wix-aspects/-/@wix/wix-aspects-1.0.1366.tgz",
      "integrity": "sha1-3hn7moerdvzyfFinVT4slIWVUsE=",
      "requires": {
        "lodash": "4.17.20",
        "matcher": "3.0.0"
      }
    },
    "axios": {
      "version": "0.19.2",
      "resolved": "https://repo.dev.wixpress.com/artifactory/api/npm/npm-repos/axios/-/axios-0.19.2.tgz",
      "integrity": "sha1-PqNsXYgY0NX4qKl6bTa4bNwAyyc=",
      "requires": {
        "follow-redirects": "1.5.10"
      },
      "dependencies": {
        "debug": {
          "version": "3.1.0",
          "resolved": "https://repo.dev.wixpress.com/artifactory/api/npm/npm-repos/debug/-/debug-3.1.0.tgz",
          "integrity": "sha1-W7WgZyYotkFJVmuhaBnmFRjGcmE=",
          "requires": {
            "ms": "2.0.0"
          }
        },
        "follow-redirects": {
          "version": "1.5.10",
          "resolved": "https://repo.dev.wixpress.com/artifactory/api/npm/npm-repos/follow-redirects/-/follow-redirects-1.5.10.tgz",
          "integrity": "sha1-e3qfmuov3/NnhqlP9kPtB/T/Xio=",
          "requires": {
            "debug": "=3.1.0"
          }
        },
        "ms": {
          "version": "2.0.0",
          "resolved": "https://repo.dev.wixpress.com/artifactory/api/npm/npm-repos/ms/-/ms-2.0.0.tgz",
          "integrity": "sha1-VgiurfwAvmwpAd9fmGF4jeDVl8g="
        }
      }
    },
    "escape-string-regexp": {
      "version": "4.0.0",
      "resolved": "https://repo.dev.wixpress.com/artifactory/api/npm/npm-repos/escape-string-regexp/-/escape-string-regexp-4.0.0.tgz",
      "integrity": "sha1-FLqDpdNz49MR5a/KKc9b+tllvzQ="
    },
    "lodash": {
      "version": "4.17.20",
      "resolved": "https://repo.dev.wixpress.com/artifactory/api/npm/npm-repos/lodash/-/lodash-4.17.20.tgz",
      "integrity": "sha1-tEqbYpe8tpjxxRo1RaKzs2jVnFI="
    },
    "matcher": {
      "version": "3.0.0",
      "resolved": "https://repo.dev.wixpress.com/artifactory/api/npm/npm-repos/matcher/-/matcher-3.0.0.tgz",
      "integrity": "sha1-vZBg9MW3CqgEHMxvgDaHYJlPMMo=",
      "requires": {
        "escape-string-regexp": "^4.0.0"
      }
    }
  }
}
