{
  "name": "typescript-scope-with-lock-file",
  "version": "1.0.0",
  "lockfileVersion": 1,
  "requires": true,
  "dependencies": {
    "@types/newrelic": {
      "version": "6.4.0",
      "resolved": "https://repo.dev.wixpress.com/artifactory/api/npm/npm-repos/@types/newrelic/-/newrelic-6.4.0.tgz",
      "integrity": "sha1-8OLrbPSeQwCVjiXHuSEd/leyKlk="
    },
    "@types/node": {
      "version": "13.11.1",
      "resolved": "https://repo.dev.wixpress.com/artifactory/api/npm/npm-repos/@types/node/-/node-13.11.1.tgz",
      "integrity": "sha1-SaKoPfnSbarOrTDQzMh2KxKNU8c=",
      "dev": true
    },
    "@types/uuid": {
      "version": "7.0.2",
      "resolved": "https://repo.dev.wixpress.com/artifactory/api/npm/npm-repos/@types/uuid/-/uuid-7.0.2.tgz",
      "integrity": "sha1-1oCpxZbvhKv1xMB6Mv/WbVglJvg=",
      "dev": true
    },
    "@wix/serverless-api": {
      "version": "1.0.486",
      "resolved": "https://repo.dev.wixpress.com/artifactory/api/npm/npm-repos/@wix/serverless-api/-/@wix/serverless-api-1.0.486.tgz",
      "integrity": "sha1-nlsJUmTCw2bg608F0aKJZnJjXBY=",
      "requires": {
        "@types/newrelic": "6.4.0",
        "@wix/wix-aspects": "^1.0.1327",
        "@wix/wix-server-to-server-signer": "^1.0.513",
        "long": "4.0.0"
      }
    },
    "@wix/wix-aspects": {
      "version": "1.0.1327",
      "resolved": "https://repo.dev.wixpress.com/artifactory/api/npm/npm-repos/@wix/wix-aspects/-/@wix/wix-aspects-1.0.1327.tgz",
      "integrity": "sha1-v49vh2ETLr+5eyRp+dVWhTUHInU=",
      "requires": {
        "lodash": "4.17.15"
      }
    },
    "@wix/wix-jws-signer": {
      "version": "1.0.455",
      "resolved": "https://repo.dev.wixpress.com/artifactory/api/npm/npm-repos/@wix/wix-jws-signer/-/@wix/wix-jws-signer-1.0.455.tgz",
      "integrity": "sha1-s3XvhaFPD6D2UXDDwkT2p7ZF/Tw=",
      "requires": {
        "jws": "4.0.0",
        "lodash": "4.17.15"
      }
    },
    "@wix/wix-server-to-server-signer": {
      "version": "1.0.513",
      "resolved": "https://repo.dev.wixpress.com/artifactory/api/npm/npm-repos/@wix/wix-server-to-server-signer/-/@wix/wix-server-to-server-signer-1.0.513.tgz",
      "integrity": "sha1-zitoYhoI7ViBeFVy/+fkahr0EFc=",
      "requires": {
        "@wix/wix-jws-signer": "~1.0.0"
      }
    },
    "buffer-equal-constant-time": {
      "version": "1.0.1",
      "resolved": "https://repo.dev.wixpress.com/artifactory/api/npm/npm-repos/buffer-equal-constant-time/-/buffer-equal-constant-time-1.0.1.tgz",
      "integrity": "sha1-+OcRMvf/5uAaXJaXpMbz5I1cyBk="
    },
    "ecdsa-sig-formatter": {
      "version": "1.0.11",
      "resolved": "https://repo.dev.wixpress.com/artifactory/api/npm/npm-repos/ecdsa-sig-formatter/-/ecdsa-sig-formatter-1.0.11.tgz",
      "integrity": "sha1-rg8PothQRe8UqBfao86azQSJ5b8=",
      "requires": {
        "safe-buffer": "^5.0.1"
      }
    },
    "jwa": {
      "version": "2.0.0",
      "resolved": "https://repo.dev.wixpress.com/artifactory/api/npm/npm-repos/jwa/-/jwa-2.0.0.tgz",
      "integrity": "sha1-p+nD8p2ulAJ+vK9Jl1yTRVk0EPw=",
      "requires": {
        "buffer-equal-constant-time": "1.0.1",
        "ecdsa-sig-formatter": "1.0.11",
        "safe-buffer": "^5.0.1"
      }
    },
    "jws": {
      "version": "4.0.0",
      "resolved": "https://repo.dev.wixpress.com/artifactory/api/npm/npm-repos/jws/-/jws-4.0.0.tgz",
      "integrity": "sha1-LU6M9qMY/6oSYV6d7H6G5slzEPQ=",
      "requires": {
        "jwa": "^2.0.0",
        "safe-buffer": "^5.0.1"
      }
    },
    "lodash": {
      "version": "4.17.15",
      "resolved": "https://repo.dev.wixpress.com/artifactory/api/npm/npm-repos/lodash/-/lodash-4.17.15.tgz",
      "integrity": "sha1-tEf2ZwoEVbv+7dETku/zMOoJdUg="
    },
    "long": {
      "version": "4.0.0",
      "resolved": "https://repo.dev.wixpress.com/artifactory/api/npm/npm-repos/long/-/long-4.0.0.tgz",
      "integrity": "sha1-mntxz7fTYaGU6lVSQckvdGjVvyg="
    },
    "safe-buffer": {
      "version": "5.2.0",
      "resolved": "https://repo.dev.wixpress.com/artifactory/api/npm/npm-repos/safe-buffer/-/safe-buffer-5.2.0.tgz",
      "integrity": "sha1-t02uxJsRSPiMZLaNSbHoFcHy9Rk="
    },
    "typescript": {
      "version": "3.8.3",
      "resolved": "https://repo.dev.wixpress.com/artifactory/api/npm/npm-repos/typescript/-/typescript-3.8.3.tgz",
      "integrity": "sha1-QJ64VE6gM1cRIFhp7EWKsQnuEGE=",
      "dev": true
    },
    "uuid": {
      "version": "3.4.0",
      "resolved": "https://repo.dev.wixpress.com/artifactory/api/npm/npm-repos/uuid/-/uuid-3.4.0.tgz",
      "integrity": "sha1-sj5DWK+oogL+ehAK8fX4g/AgB+4="
    }
  }
}
